// !$*UTF8*$!
{
	archiveVersion = 1;
	classes = {
	};
	objectVersion = 50;
	objects = {

/* Begin PBXBuildFile section */
		82FE54C625108EBD0008E6EA /* AppDelegate.swift in Sources */ = {isa = PBXBuildFile; fileRef = 82FE54C525108EBD0008E6EA /* AppDelegate.swift */; };
		82FE54C825108EBD0008E6EA /* SceneDelegate.swift in Sources */ = {isa = PBXBuildFile; fileRef = 82FE54C725108EBD0008E6EA /* SceneDelegate.swift */; };
		82FE54CA25108EBD0008E6EA /* ListViewController.swift in Sources */ = {isa = PBXBuildFile; fileRef = 82FE54C925108EBD0008E6EA /* ListViewController.swift */; };
		82FE54CD25108EBD0008E6EA /* Main.storyboard in Resources */ = {isa = PBXBuildFile; fileRef = 82FE54CB25108EBD0008E6EA /* Main.storyboard */; };
		82FE54D025108EBD0008E6EA /* Chassis.xcdatamodeld in Sources */ = {isa = PBXBuildFile; fileRef = 82FE54CE25108EBD0008E6EA /* Chassis.xcdatamodeld */; };
		82FE54D225108EBF0008E6EA /* Assets.xcassets in Resources */ = {isa = PBXBuildFile; fileRef = 82FE54D125108EBF0008E6EA /* Assets.xcassets */; };
		82FE54D525108EBF0008E6EA /* LaunchScreen.storyboard in Resources */ = {isa = PBXBuildFile; fileRef = 82FE54D325108EBF0008E6EA /* LaunchScreen.storyboard */; };
		82FE54E5251093300008E6EA /* PersistenceController.swift in Sources */ = {isa = PBXBuildFile; fileRef = 82FE54DE251093300008E6EA /* PersistenceController.swift */; };
		82FE54E6251093300008E6EA /* TableViewControllerDataSource.swift in Sources */ = {isa = PBXBuildFile; fileRef = 82FE54DF251093300008E6EA /* TableViewControllerDataSource.swift */; };
		82FE54E9251093300008E6EA /* Router.swift in Sources */ = {isa = PBXBuildFile; fileRef = 82FE54E4251093300008E6EA /* Router.swift */; };
		82FE54F925109A150008E6EA /* DetailViewController.swift in Sources */ = {isa = PBXBuildFile; fileRef = 82FE54F825109A150008E6EA /* DetailViewController.swift */; };
/* End PBXBuildFile section */

/* Begin PBXFileReference section */
		82FE54C225108EBD0008E6EA /* Chassis.app */ = {isa = PBXFileReference; explicitFileType = wrapper.application; includeInIndex = 0; path = Chassis.app; sourceTree = BUILT_PRODUCTS_DIR; };
		82FE54C525108EBD0008E6EA /* AppDelegate.swift */ = {isa = PBXFileReference; lastKnownFileType = sourcecode.swift; path = AppDelegate.swift; sourceTree = "<group>"; };
		82FE54C725108EBD0008E6EA /* SceneDelegate.swift */ = {isa = PBXFileReference; lastKnownFileType = sourcecode.swift; path = SceneDelegate.swift; sourceTree = "<group>"; };
		82FE54C925108EBD0008E6EA /* ListViewController.swift */ = {isa = PBXFileReference; lastKnownFileType = sourcecode.swift; path = ListViewController.swift; sourceTree = "<group>"; };
		82FE54CC25108EBD0008E6EA /* Base */ = {isa = PBXFileReference; lastKnownFileType = file.storyboard; name = Base; path = Base.lproj/Main.storyboard; sourceTree = "<group>"; };
		82FE54CF25108EBD0008E6EA /* Chassis.xcdatamodel */ = {isa = PBXFileReference; lastKnownFileType = wrapper.xcdatamodel; path = Chassis.xcdatamodel; sourceTree = "<group>"; };
		82FE54D125108EBF0008E6EA /* Assets.xcassets */ = {isa = PBXFileReference; lastKnownFileType = folder.assetcatalog; path = Assets.xcassets; sourceTree = "<group>"; };
		82FE54D425108EBF0008E6EA /* Base */ = {isa = PBXFileReference; lastKnownFileType = file.storyboard; name = Base; path = Base.lproj/LaunchScreen.storyboard; sourceTree = "<group>"; };
		82FE54D625108EBF0008E6EA /* Info.plist */ = {isa = PBXFileReference; lastKnownFileType = text.plist.xml; path = Info.plist; sourceTree = "<group>"; };
		82FE54DE251093300008E6EA /* PersistenceController.swift */ = {isa = PBXFileReference; fileEncoding = 4; lastKnownFileType = sourcecode.swift; path = PersistenceController.swift; sourceTree = "<group>"; };
		82FE54DF251093300008E6EA /* TableViewControllerDataSource.swift */ = {isa = PBXFileReference; fileEncoding = 4; lastKnownFileType = sourcecode.swift; path = TableViewControllerDataSource.swift; sourceTree = "<group>"; };
		82FE54E4251093300008E6EA /* Router.swift */ = {isa = PBXFileReference; fileEncoding = 4; lastKnownFileType = sourcecode.swift; path = Router.swift; sourceTree = "<group>"; };
		82FE54F825109A150008E6EA /* DetailViewController.swift */ = {isa = PBXFileReference; lastKnownFileType = sourcecode.swift; path = DetailViewController.swift; sourceTree = "<group>"; };
/* End PBXFileReference section */

/* Begin PBXFrameworksBuildPhase section */
		82FE54BF25108EBD0008E6EA /* Frameworks */ = {
			isa = PBXFrameworksBuildPhase;
			buildActionMask = 2147483647;
			files = (
			);
			runOnlyForDeploymentPostprocessing = 0;
		};
/* End PBXFrameworksBuildPhase section */

/* Begin PBXGroup section */
		82FE54B925108EBD0008E6EA = {
			isa = PBXGroup;
			children = (
				82FE54C425108EBD0008E6EA /* Chassis */,
				82FE54C325108EBD0008E6EA /* Products */,
			);
			sourceTree = "<group>";
		};
		82FE54C325108EBD0008E6EA /* Products */ = {
			isa = PBXGroup;
			children = (
				82FE54C225108EBD0008E6EA /* Chassis.app */,
			);
			name = Products;
			sourceTree = "<group>";
		};
		82FE54C425108EBD0008E6EA /* Chassis */ = {
			isa = PBXGroup;
			children = (
				82FE54C525108EBD0008E6EA /* AppDelegate.swift */,
				82FE54C725108EBD0008E6EA /* SceneDelegate.swift */,
				82FE54DC251093300008E6EA /* Modules */,
				82FE54EA2510933C0008E6EA /* Views */,
				82FE54D125108EBF0008E6EA /* Assets.xcassets */,
				82FE54D325108EBF0008E6EA /* LaunchScreen.storyboard */,
				82FE54D625108EBF0008E6EA /* Info.plist */,
			);
			path = Chassis;
			sourceTree = "<group>";
		};
		82FE54DC251093300008E6EA /* Modules */ = {
			isa = PBXGroup;
			children = (
				82FE54DD251093300008E6EA /* Data */,
				82FE54E3251093300008E6EA /* Router */,
			);
			path = Modules;
			sourceTree = "<group>";
		};
		82FE54DD251093300008E6EA /* Data */ = {
			isa = PBXGroup;
			children = (
				82FE54DE251093300008E6EA /* PersistenceController.swift */,
				82FE54DF251093300008E6EA /* TableViewControllerDataSource.swift */,
				82FE54CE25108EBD0008E6EA /* Chassis.xcdatamodeld */,
			);
			path = Data;
			sourceTree = "<group>";
		};
		82FE54E3251093300008E6EA /* Router */ = {
			isa = PBXGroup;
			children = (
				82FE54E4251093300008E6EA /* Router.swift */,
			);
			path = Router;
			sourceTree = "<group>";
		};
		82FE54EA2510933C0008E6EA /* Views */ = {
			isa = PBXGroup;
			children = (
				82FE54CB25108EBD0008E6EA /* Main.storyboard */,
				82FE54C925108EBD0008E6EA /* ListViewController.swift */,
				82FE54F825109A150008E6EA /* DetailViewController.swift */,
			);
			path = Views;
			sourceTree = "<group>";
		};
/* End PBXGroup section */

/* Begin PBXNativeTarget section */
		82FE54C125108EBD0008E6EA /* Chassis */ = {
			isa = PBXNativeTarget;
			buildConfigurationList = 82FE54D925108EBF0008E6EA /* Build configuration list for PBXNativeTarget "Chassis" */;
			buildPhases = (
				82FE54BE25108EBD0008E6EA /* Sources */,
				82FE54BF25108EBD0008E6EA /* Frameworks */,
				82FE54C025108EBD0008E6EA /* Resources */,
			);
			buildRules = (
			);
			dependencies = (
			);
			name = Chassis;
			productName = Chassis;
			productReference = 82FE54C225108EBD0008E6EA /* Chassis.app */;
			productType = "com.apple.product-type.application";
		};
/* End PBXNativeTarget section */

/* Begin PBXProject section */
		82FE54BA25108EBD0008E6EA /* Project object */ = {
			isa = PBXProject;
			attributes = {
				LastSwiftUpdateCheck = 1200;
				LastUpgradeCheck = 1200;
				TargetAttributes = {
					82FE54C125108EBD0008E6EA = {
						CreatedOnToolsVersion = 12.0;
					};
				};
			};
			buildConfigurationList = 82FE54BD25108EBD0008E6EA /* Build configuration list for PBXProject "Chassis" */;
			compatibilityVersion = "Xcode 9.3";
			developmentRegion = en;
			hasScannedForEncodings = 0;
			knownRegions = (
				en,
				Base,
			);
			mainGroup = 82FE54B925108EBD0008E6EA;
			productRefGroup = 82FE54C325108EBD0008E6EA /* Products */;
			projectDirPath = "";
			projectRoot = "";
			targets = (
				82FE54C125108EBD0008E6EA /* Chassis */,
			);
		};
/* End PBXProject section */

/* Begin PBXResourcesBuildPhase section */
		82FE54C025108EBD0008E6EA /* Resources */ = {
			isa = PBXResourcesBuildPhase;
			buildActionMask = 2147483647;
			files = (
				82FE54D525108EBF0008E6EA /* LaunchScreen.storyboard in Resources */,
				82FE54D225108EBF0008E6EA /* Assets.xcassets in Resources */,
				82FE54CD25108EBD0008E6EA /* Main.storyboard in Resources */,
			);
			runOnlyForDeploymentPostprocessing = 0;
		};
/* End PBXResourcesBuildPhase section */

/* Begin PBXSourcesBuildPhase section */
		82FE54BE25108EBD0008E6EA /* Sources */ = {
			isa = PBXSourcesBuildPhase;
			buildActionMask = 2147483647;
			files = (
				82FE54CA25108EBD0008E6EA /* ListViewController.swift in Sources */,
				82FE54C625108EBD0008E6EA /* AppDelegate.swift in Sources */,
				82FE54D025108EBD0008E6EA /* Chassis.xcdatamodeld in Sources */,
				82FE54C825108EBD0008E6EA /* SceneDelegate.swift in Sources */,
				82FE54E9251093300008E6EA /* Router.swift in Sources */,
				82FE54E6251093300008E6EA /* TableViewControllerDataSource.swift in Sources */,
				82FE54E5251093300008E6EA /* PersistenceController.swift in Sources */,
				82FE54F925109A150008E6EA /* DetailViewController.swift in Sources */,
			);
			runOnlyForDeploymentPostprocessing = 0;
		};
/* End PBXSourcesBuildPhase section */

/* Begin PBXVariantGroup section */
		82FE54CB25108EBD0008E6EA /* Main.storyboard */ = {
			isa = PBXVariantGroup;
			children = (
				82FE54CC25108EBD0008E6EA /* Base */,
			);
			name = Main.storyboard;
			sourceTree = "<group>";
		};
		82FE54D325108EBF0008E6EA /* LaunchScreen.storyboard */ = {
			isa = PBXVariantGroup;
			children = (
				82FE54D425108EBF0008E6EA /* Base */,
			);
			name = LaunchScreen.storyboard;
			sourceTree = "<group>";
		};
/* End PBXVariantGroup section */

/* Begin XCBuildConfiguration section */
		82FE54D725108EBF0008E6EA /* Debug */ = {
			isa = XCBuildConfiguration;
			buildSettings = {
				ALWAYS_SEARCH_USER_PATHS = NO;
				CLANG_ANALYZER_NONNULL = YES;
				CLANG_ANALYZER_NUMBER_OBJECT_CONVERSION = YES_AGGRESSIVE;
				CLANG_CXX_LANGUAGE_STANDARD = "gnu++14";
				CLANG_CXX_LIBRARY = "libc++";
				CLANG_ENABLE_MODULES = YES;
				CLANG_ENABLE_OBJC_ARC = YES;
				CLANG_ENABLE_OBJC_WEAK = YES;
				CLANG_WARN_BLOCK_CAPTURE_AUTORELEASING = YES;
				CLANG_WARN_BOOL_CONVERSION = YES;
				CLANG_WARN_COMMA = YES;
				CLANG_WARN_CONSTANT_CONVERSION = YES;
				CLANG_WARN_DEPRECATED_OBJC_IMPLEMENTATIONS = YES;
				CLANG_WARN_DIRECT_OBJC_ISA_USAGE = YES_ERROR;
				CLANG_WARN_DOCUMENTATION_COMMENTS = YES;
				CLANG_WARN_EMPTY_BODY = YES;
				CLANG_WARN_ENUM_CONVERSION = YES;
				CLANG_WARN_INFINITE_RECURSION = YES;
				CLANG_WARN_INT_CONVERSION = YES;
				CLANG_WARN_NON_LITERAL_NULL_CONVERSION = YES;
				CLANG_WARN_OBJC_IMPLICIT_RETAIN_SELF = YES;
				CLANG_WARN_OBJC_LITERAL_CONVERSION = YES;
				CLANG_WARN_OBJC_ROOT_CLASS = YES_ERROR;
				CLANG_WARN_QUOTED_INCLUDE_IN_FRAMEWORK_HEADER = YES;
				CLANG_WARN_RANGE_LOOP_ANALYSIS = YES;
				CLANG_WARN_STRICT_PROTOTYPES = YES;
				CLANG_WARN_SUSPICIOUS_MOVE = YES;
				CLANG_WARN_UNGUARDED_AVAILABILITY = YES_AGGRESSIVE;
				CLANG_WARN_UNREACHABLE_CODE = YES;
				CLANG_WARN__DUPLICATE_METHOD_MATCH = YES;
				COPY_PHASE_STRIP = NO;
				DEBUG_INFORMATION_FORMAT = dwarf;
				ENABLE_STRICT_OBJC_MSGSEND = YES;
				ENABLE_TESTABILITY = YES;
				GCC_C_LANGUAGE_STANDARD = gnu11;
				GCC_DYNAMIC_NO_PIC = NO;
				GCC_NO_COMMON_BLOCKS = YES;
				GCC_OPTIMIZATION_LEVEL = 0;
				GCC_PREPROCESSOR_DEFINITIONS = (
					"DEBUG=1",
					"$(inherited)",
				);
				GCC_WARN_64_TO_32_BIT_CONVERSION = YES;
				GCC_WARN_ABOUT_RETURN_TYPE = YES_ERROR;
				GCC_WARN_UNDECLARED_SELECTOR = YES;
				GCC_WARN_UNINITIALIZED_AUTOS = YES_AGGRESSIVE;
				GCC_WARN_UNUSED_FUNCTION = YES;
				GCC_WARN_UNUSED_VARIABLE = YES;
				IPHONEOS_DEPLOYMENT_TARGET = 14.0;
				MTL_ENABLE_DEBUG_INFO = INCLUDE_SOURCE;
				MTL_FAST_MATH = YES;
				ONLY_ACTIVE_ARCH = YES;
				SDKROOT = iphoneos;
				SWIFT_ACTIVE_COMPILATION_CONDITIONS = DEBUG;
				SWIFT_OPTIMIZATION_LEVEL = "-Onone";
			};
			name = Debug;
		};
		82FE54D825108EBF0008E6EA /* Release */ = {
			isa = XCBuildConfiguration;
			buildSettings = {
				ALWAYS_SEARCH_USER_PATHS = NO;
				CLANG_ANALYZER_NONNULL = YES;
				CLANG_ANALYZER_NUMBER_OBJECT_CONVERSION = YES_AGGRESSIVE;
				CLANG_CXX_LANGUAGE_STANDARD = "gnu++14";
				CLANG_CXX_LIBRARY = "libc++";
				CLANG_ENABLE_MODULES = YES;
				CLANG_ENABLE_OBJC_ARC = YES;
				CLANG_ENABLE_OBJC_WEAK = YES;
				CLANG_WARN_BLOCK_CAPTURE_AUTORELEASING = YES;
				CLANG_WARN_BOOL_CONVERSION = YES;
				CLANG_WARN_COMMA = YES;
				CLANG_WARN_CONSTANT_CONVERSION = YES;
				CLANG_WARN_DEPRECATED_OBJC_IMPLEMENTATIONS = YES;
				CLANG_WARN_DIRECT_OBJC_ISA_USAGE = YES_ERROR;
				CLANG_WARN_DOCUMENTATION_COMMENTS = YES;
				CLANG_WARN_EMPTY_BODY = YES;
				CLANG_WARN_ENUM_CONVERSION = YES;
				CLANG_WARN_INFINITE_RECURSION = YES;
				CLANG_WARN_INT_CONVERSION = YES;
				CLANG_WARN_NON_LITERAL_NULL_CONVERSION = YES;
				CLANG_WARN_OBJC_IMPLICIT_RETAIN_SELF = YES;
				CLANG_WARN_OBJC_LITERAL_CONVERSION = YES;
				CLANG_WARN_OBJC_ROOT_CLASS = YES_ERROR;
				CLANG_WARN_QUOTED_INCLUDE_IN_FRAMEWORK_HEADER = YES;
				CLANG_WARN_RANGE_LOOP_ANALYSIS = YES;
				CLANG_WARN_STRICT_PROTOTYPES = YES;
				CLANG_WARN_SUSPICIOUS_MOVE = YES;
				CLANG_WARN_UNGUARDED_AVAILABILITY = YES_AGGRESSIVE;
				CLANG_WARN_UNREACHABLE_CODE = YES;
				CLANG_WARN__DUPLICATE_METHOD_MATCH = YES;
				COPY_PHASE_STRIP = NO;
				DEBUG_INFORMATION_FORMAT = "dwarf-with-dsym";
				ENABLE_NS_ASSERTIONS = NO;
				ENABLE_STRICT_OBJC_MSGSEND = YES;
				GCC_C_LANGUAGE_STANDARD = gnu11;
				GCC_NO_COMMON_BLOCKS = YES;
				GCC_WARN_64_TO_32_BIT_CONVERSION = YES;
				GCC_WARN_ABOUT_RETURN_TYPE = YES_ERROR;
				GCC_WARN_UNDECLARED_SELECTOR = YES;
				GCC_WARN_UNINITIALIZED_AUTOS = YES_AGGRESSIVE;
				GCC_WARN_UNUSED_FUNCTION = YES;
				GCC_WARN_UNUSED_VARIABLE = YES;
				IPHONEOS_DEPLOYMENT_TARGET = 14.0;
				MTL_ENABLE_DEBUG_INFO = NO;
				MTL_FAST_MATH = YES;
				SDKROOT = iphoneos;
				SWIFT_COMPILATION_MODE = wholemodule;
				SWIFT_OPTIMIZATION_LEVEL = "-O";
				VALIDATE_PRODUCT = YES;
			};
			name = Release;
		};
		82FE54DA25108EBF0008E6EA /* Debug */ = {
			isa = XCBuildConfiguration;
			buildSettings = {
				ASSETCATALOG_COMPILER_APPICON_NAME = AppIcon;
				ASSETCATALOG_COMPILER_GLOBAL_ACCENT_COLOR_NAME = AccentColor;
				CODE_SIGN_STYLE = Automatic;
				DEVELOPMENT_TEAM = FG74D3R4R8;
				INFOPLIST_FILE = Chassis/Info.plist;
				LD_RUNPATH_SEARCH_PATHS = (
					"$(inherited)",
					"@executable_path/Frameworks",
				);
				PRODUCT_BUNDLE_IDENTIFIER = com.danieleberle.Chassis;
				PRODUCT_NAME = "$(TARGET_NAME)";
				SWIFT_VERSION = 5.0;
				TARGETED_DEVICE_FAMILY = "1,2";
			};
			name = Debug;
		};
		82FE54DB25108EBF0008E6EA /* Release */ = {
			isa = XCBuildConfiguration;
			buildSettings = {
				ASSETCATALOG_COMPILER_APPICON_NAME = AppIcon;
				ASSETCATALOG_COMPILER_GLOBAL_ACCENT_COLOR_NAME = AccentColor;
				CODE_SIGN_STYLE = Automatic;
				DEVELOPMENT_TEAM = FG74D3R4R8;
				INFOPLIST_FILE = Chassis/Info.plist;
				LD_RUNPATH_SEARCH_PATHS = (
					"$(inherited)",
					"@executable_path/Frameworks",
				);
				PRODUCT_BUNDLE_IDENTIFIER = com.danieleberle.Chassis;
				PRODUCT_NAME = "$(TARGET_NAME)";
				SWIFT_VERSION = 5.0;
				TARGETED_DEVICE_FAMILY = "1,2";
			};
			name = Release;
		};
/* End XCBuildConfiguration section */

/* Begin XCConfigurationList section */
		82FE54BD25108EBD0008E6EA /* Build configuration list for PBXProject "Chassis" */ = {
			isa = XCConfigurationList;
			buildConfigurations = (
				82FE54D725108EBF0008E6EA /* Debug */,
				82FE54D825108EBF0008E6EA /* Release */,
			);
			defaultConfigurationIsVisible = 0;
			defaultConfigurationName = Release;
		};
		82FE54D925108EBF0008E6EA /* Build configuration list for PBXNativeTarget "Chassis" */ = {
			isa = XCConfigurationList;
			buildConfigurations = (
				82FE54DA25108EBF0008E6EA /* Debug */,
				82FE54DB25108EBF0008E6EA /* Release */,
			);
			defaultConfigurationIsVisible = 0;
			defaultConfigurationName = Release;
		};
/* End XCConfigurationList section */

/* Begin XCVersionGroup section */
		82FE54CE25108EBD0008E6EA /* Chassis.xcdatamodeld */ = {
			isa = XCVersionGroup;
			children = (
				82FE54CF25108EBD0008E6EA /* Chassis.xcdatamodel */,
			);
			currentVersion = 82FE54CF25108EBD0008E6EA /* Chassis.xcdatamodel */;
			path = Chassis.xcdatamodeld;
			sourceTree = "<group>";
			versionGroupType = wrapper.xcdatamodel;
		};
/* End XCVersionGroup section */
	};
	rootObject = 82FE54BA25108EBD0008E6EA /* Project object */;
}
